<?xml version="1.0" encoding="utf-8"?>
<Project ToolsVersion="4.0" xmlns="http://schemas.microsoft.com/developer/msbuild/2003">
  <ItemGroup>
    <Filter Include="Source Files">
      <UniqueIdentifier>{4FC737F1-C7A5-4376-A066-2A32D752A2FF}</UniqueIdentifier>
      <Extensions>cpp;c;cc;cxx;c++;cppm;ixx;def;odl;idl;hpj;bat;asm;asmx</Extensions>
    </Filter>
    <Filter Include="Header Files">
      <UniqueIdentifier>{93995380-89BD-4b04-88EB-625FBE52EBFB}</UniqueIdentifier>
      <Extensions>h;hh;hpp;hxx;h++;hm;inl;inc;ipp;xsd</Extensions>
    </Filter>
    <Filter Include="Resource Files">
      <UniqueIdentifier>{67DA6AB6-F800-4c08-8B7A-83BB121AAD01}</UniqueIdentifier>
      <Extensions>rc;ico;cur;bmp;dlg;rc2;rct;bin;rgs;gif;jpg;jpeg;jpe;resx;tiff;tif;png;wav;mfcribbon-ms</Extensions>
    </Filter>
  </ItemGroup>
  <ItemGroup>
    <ClCompile Include="main.cpp">
      <Filter>Source Files</Filter>
    </ClCompile>
    <ClCompile Include="Learn_01.cpp">
      <Filter>Source Files</Filter>
    </ClCompile>
    <ClCompile Include="Learn_02.cpp">
      <Filter>Source Files</Filter>
    </ClCompile>
    <ClCompile Include="Learn_03.cpp">
      <Filter>Source Files</Filter>
    </ClCompile>
    <ClCompile Include="Learn_04.cpp">
      <Filter>Source Files</Filter>
    </ClCompile>
    <ClCompile Include="Learn_05.cpp">
      <Filter>Source Files</Filter>
    </ClCompile>
    <ClCompile Include="Learn_06.cpp">
      <Filter>Source Files</Filter>
    </ClCompile>
    <ClCompile Include="Learn_07.cpp">
      <Filter>Source Files</Filter>
    </ClCompile>
    <ClCompile Include="Learn_08.cpp">
      <Filter>Source Files</Filter>
    </ClCompile>
    <ClCompile Include="Learn_09.cpp">
      <Filter>Source Files</Filter>
    </ClCompile>
    <ClCompile Include="Learn_10.cpp">
      <Filter>Source Files</Filter>
    </ClCompile>
    <ClCompile Include="Learn_11.cpp">
      <Filter>Source Files</Filter>
    </ClCompile>
    <ClCompile Include="Learn_12.cpp">
      <Filter>Source Files</Filter>
    </ClCompile>
    <ClCompile Include="Learn_13.cpp">
      <Filter>Source Files</Filter>
    </ClCompile>
    <ClCompile Include="Learn_14.cpp">
      <Filter>Source Files</Filter>
    </ClCompile>
    <ClCompile Include="Learn_15.cpp">
      <Filter>Source Files</Filter>
    </ClCompile>
    <ClCompile Include="Learn_16.cpp">
      <Filter>Source Files</Filter>
    </ClCompile>
    <ClCompile Include="Learn_17.cpp">
      <Filter>Source Files</Filter>
    </ClCompile>
    <ClCompile Include="Learn_18.cpp">
      <Filter>Source Files</Filter>
    </ClCompile>
    <ClCompile Include="Learn_19.cpp">
      <Filter>Source Files</Filter>
    </ClCompile>
    <ClCompile Include="Learn_20.cpp">
      <Filter>Source Files</Filter>
    </ClCompile>
    <ClCompile Include="Learn_21.cpp">
      <Filter>Source Files</Filter>
    </ClCompile>
    <ClCompile Include="Learn_22.cpp">
      <Filter>Source Files</Filter>
    </ClCompile>
    <ClCompile Include="Learn_23.cpp">
      <Filter>Source Files</Filter>
    </ClCompile>
    <ClCompile Include="Learn_24.cpp">
      <Filter>Source Files</Filter>
    </ClCompile>
    <ClCompile Include="Learn_25.cpp">
      <Filter>Source Files</Filter>
    </ClCompile>
    <ClCompile Include="Learn_26.cpp">
      <Filter>Source Files</Filter>
    </ClCompile>
    <ClCompile Include="Learn_27.cpp">
      <Filter>Source Files</Filter>
    </ClCompile>
    <ClCompile Include="Learn_28.cpp">
      <Filter>Source Files</Filter>
    </ClCompile>
    <ClCompile Include="Learn_29.cpp">
      <Filter>Source Files</Filter>
    </ClCompile>
    <ClCompile Include="Learn_30.cpp">
      <Filter>Source Files</Filter>
    </ClCompile>
    <ClCompile Include="Learn_31.cpp">
      <Filter>Source Files</Filter>
    </ClCompile>
    <ClCompile Include="Learn_32.cpp">
      <Filter>Source Files</Filter>
    </ClCompile>
    <ClCompile Include="Learn_33.cpp">
      <Filter>Source Files</Filter>
    </ClCompile>
    <ClCompile Include="Learn_34.cpp">
      <Filter>Source Files</Filter>
    </ClCompile>
    <ClCompile Include="Learn_35.cpp">
      <Filter>Source Files</Filter>
    </ClCompile>
    <ClCompile Include="Learn_36.cpp">
      <Filter>Source Files</Filter>
    </ClCompile>
    <ClCompile Include="./LearningFile/L28_Dice.cpp">
      <Filter>Source Files</Filter>
    </ClCompile>
    <ClCompile Include="Learn_37.cpp">
      <Filter>Source Files</Filter>
    </ClCompile>
    <ClCompile Include="Learn_38.cpp">
      <Filter>Source Files</Filter>
    </ClCompile>
  </ItemGroup>
  <ItemGroup>
    <ClInclude Include="L19_MathFunc.h">
      <Filter>Header Files</Filter>
    </ClInclude>
    <ClInclude Include="L20_MathFunc.h">
      <Filter>Header Files</Filter>
    </ClInclude>
    <ClInclude Include="L28_Dice.hpp">
      <Filter>Header Files</Filter>
    </ClInclude>
  </ItemGroup>
</Project>